// !$*UTF8*$!
{
	archiveVersion = 1;
	classes = {
	};
	objectVersion = 46;
	objects = {

/* Begin PBXBuildFile section */
		4D7E7D2B1CEED82A00BA9028 /* DetailContainerController.swift in Sources */ = {isa = PBXBuildFile; fileRef = 4D7E7D2A1CEED82A00BA9028 /* DetailContainerController.swift */; };
		4D7E7D2F1CEF1D6C00BA9028 /* Alamofire.framework in Frameworks */ = {isa = PBXBuildFile; fileRef = 4D7E7D2C1CEF1D6C00BA9028 /* Alamofire.framework */; };
		4D7E7D301CEF1D6C00BA9028 /* SnapKit.framework in Frameworks */ = {isa = PBXBuildFile; fileRef = 4D7E7D2D1CEF1D6C00BA9028 /* SnapKit.framework */; };
		4D7E7D311CEF1D6C00BA9028 /* SwiftyJSON.framework in Frameworks */ = {isa = PBXBuildFile; fileRef = 4D7E7D2E1CEF1D6C00BA9028 /* SwiftyJSON.framework */; };
		4D7E7D341CEF1DB700BA9028 /* Realm.framework in Frameworks */ = {isa = PBXBuildFile; fileRef = 4D7E7D321CEF1DB700BA9028 /* Realm.framework */; };
		4D7E7D351CEF1DB700BA9028 /* Realm.framework in Embed Frameworks */ = {isa = PBXBuildFile; fileRef = 4D7E7D321CEF1DB700BA9028 /* Realm.framework */; settings = {ATTRIBUTES = (CodeSignOnCopy, RemoveHeadersOnCopy, ); }; };
		4D7E7D361CEF1DB700BA9028 /* RealmSwift.framework in Frameworks */ = {isa = PBXBuildFile; fileRef = 4D7E7D331CEF1DB700BA9028 /* RealmSwift.framework */; };
		4D7E7D371CEF1DB700BA9028 /* RealmSwift.framework in Embed Frameworks */ = {isa = PBXBuildFile; fileRef = 4D7E7D331CEF1DB700BA9028 /* RealmSwift.framework */; settings = {ATTRIBUTES = (CodeSignOnCopy, RemoveHeadersOnCopy, ); }; };
		4D8D24FF1CFC3488007C828E /* Movie.swift in Sources */ = {isa = PBXBuildFile; fileRef = 4D8D24FE1CFC3488007C828E /* Movie.swift */; };
		4DA1FF1E1CEC40C600733E41 /* TransitioningDelegate.swift in Sources */ = {isa = PBXBuildFile; fileRef = 4DA1FF1D1CEC40C600733E41 /* TransitioningDelegate.swift */; };
		4DA1FF201CEC416300733E41 /* PresentationAnimator.swift in Sources */ = {isa = PBXBuildFile; fileRef = 4DA1FF1F1CEC416300733E41 /* PresentationAnimator.swift */; };
		4DA1FF241CEC418D00733E41 /* DismissalAnimator.swift in Sources */ = {isa = PBXBuildFile; fileRef = 4DA1FF231CEC418D00733E41 /* DismissalAnimator.swift */; };
		4DD1C6461CEB22580028AE27 /* AppDelegate.swift in Sources */ = {isa = PBXBuildFile; fileRef = 4DD1C6451CEB22580028AE27 /* AppDelegate.swift */; };
		4DD1C64B1CEB22580028AE27 /* Main.storyboard in Resources */ = {isa = PBXBuildFile; fileRef = 4DD1C6491CEB22580028AE27 /* Main.storyboard */; };
		4DD1C6501CEB22580028AE27 /* LaunchScreen.storyboard in Resources */ = {isa = PBXBuildFile; fileRef = 4DD1C64E1CEB22580028AE27 /* LaunchScreen.storyboard */; };
		4DD1C65B1CEB22590028AE27 /* InmoviTests.swift in Sources */ = {isa = PBXBuildFile; fileRef = 4DD1C65A1CEB22590028AE27 /* InmoviTests.swift */; };
		4DD1C6661CEB22590028AE27 /* InmoviUITests.swift in Sources */ = {isa = PBXBuildFile; fileRef = 4DD1C6651CEB22590028AE27 /* InmoviUITests.swift */; };
		4DD1C67C1CEB291F0028AE27 /* MovieListController.swift in Sources */ = {isa = PBXBuildFile; fileRef = 4DD1C67B1CEB291F0028AE27 /* MovieListController.swift */; };
		4DD1C67E1CEB29380028AE27 /* MovieTableLayout.swift in Sources */ = {isa = PBXBuildFile; fileRef = 4DD1C67D1CEB29380028AE27 /* MovieTableLayout.swift */; };
		4DD1C6801CEB29590028AE27 /* MovieCell.swift in Sources */ = {isa = PBXBuildFile; fileRef = 4DD1C67F1CEB29590028AE27 /* MovieCell.swift */; };
		4DD1C6831CEB29690028AE27 /* Inspiration.swift in Sources */ = {isa = PBXBuildFile; fileRef = 4DD1C6811CEB29690028AE27 /* Inspiration.swift */; };
		4DD1C6841CEB29690028AE27 /* Session.swift in Sources */ = {isa = PBXBuildFile; fileRef = 4DD1C6821CEB29690028AE27 /* Session.swift */; };
		4DD1C6861CEB29770028AE27 /* UIImage+Decompression.swift in Sources */ = {isa = PBXBuildFile; fileRef = 4DD1C6851CEB29770028AE27 /* UIImage+Decompression.swift */; };
		4DD1C68B1CEB2B1C0028AE27 /* Assets.xcassets in Resources */ = {isa = PBXBuildFile; fileRef = 4DD1C6881CEB2B1C0028AE27 /* Assets.xcassets */; };
		4DD1C68C1CEB2B1C0028AE27 /* Inspirations.xcassets in Resources */ = {isa = PBXBuildFile; fileRef = 4DD1C6891CEB2B1C0028AE27 /* Inspirations.xcassets */; };
		4DD1C68D1CEB2B1C0028AE27 /* Inspirations.plist in Resources */ = {isa = PBXBuildFile; fileRef = 4DD1C68A1CEB2B1C0028AE27 /* Inspirations.plist */; };
		4DF8F3F71CED8E9800B83898 /* DetailPageController.swift in Sources */ = {isa = PBXBuildFile; fileRef = 4DF8F3F61CED8E9800B83898 /* DetailPageController.swift */; };
		4DF8F3F91CED8EB600B83898 /* MovieDetailController.swift in Sources */ = {isa = PBXBuildFile; fileRef = 4DF8F3F81CED8EB600B83898 /* MovieDetailController.swift */; };
/* End PBXBuildFile section */

/* Begin PBXContainerItemProxy section */
		4DD1C6571CEB22590028AE27 /* PBXContainerItemProxy */ = {
			isa = PBXContainerItemProxy;
			containerPortal = 4DD1C63A1CEB22580028AE27 /* Project object */;
			proxyType = 1;
			remoteGlobalIDString = 4DD1C6411CEB22580028AE27;
			remoteInfo = Inmovi;
		};
		4DD1C6621CEB22590028AE27 /* PBXContainerItemProxy */ = {
			isa = PBXContainerItemProxy;
			containerPortal = 4DD1C63A1CEB22580028AE27 /* Project object */;
			proxyType = 1;
			remoteGlobalIDString = 4DD1C6411CEB22580028AE27;
			remoteInfo = Inmovi;
		};
/* End PBXContainerItemProxy section */

/* Begin PBXCopyFilesBuildPhase section */
		4D7E7D381CEF1DB700BA9028 /* Embed Frameworks */ = {
			isa = PBXCopyFilesBuildPhase;
			buildActionMask = 2147483647;
			dstPath = "";
			dstSubfolderSpec = 10;
			files = (
				4D7E7D371CEF1DB700BA9028 /* RealmSwift.framework in Embed Frameworks */,
				4D7E7D351CEF1DB700BA9028 /* Realm.framework in Embed Frameworks */,
			);
			name = "Embed Frameworks";
			runOnlyForDeploymentPostprocessing = 0;
		};
/* End PBXCopyFilesBuildPhase section */

/* Begin PBXFileReference section */
		4D7E7D2A1CEED82A00BA9028 /* DetailContainerController.swift */ = {isa = PBXFileReference; fileEncoding = 4; lastKnownFileType = sourcecode.swift; name = DetailContainerController.swift; path = Controllers/DetailContainerController.swift; sourceTree = "<group>"; };
		4D7E7D2C1CEF1D6C00BA9028 /* Alamofire.framework */ = {isa = PBXFileReference; lastKnownFileType = wrapper.framework; name = Alamofire.framework; path = Carthage/Build/iOS/Alamofire.framework; sourceTree = "<group>"; };
		4D7E7D2D1CEF1D6C00BA9028 /* SnapKit.framework */ = {isa = PBXFileReference; lastKnownFileType = wrapper.framework; name = SnapKit.framework; path = Carthage/Build/iOS/SnapKit.framework; sourceTree = "<group>"; };
		4D7E7D2E1CEF1D6C00BA9028 /* SwiftyJSON.framework */ = {isa = PBXFileReference; lastKnownFileType = wrapper.framework; name = SwiftyJSON.framework; path = Carthage/Build/iOS/SwiftyJSON.framework; sourceTree = "<group>"; };
		4D7E7D321CEF1DB700BA9028 /* Realm.framework */ = {isa = PBXFileReference; lastKnownFileType = wrapper.framework; name = Realm.framework; path = Carthage/Build/iOS/Realm.framework; sourceTree = "<group>"; };
		4D7E7D331CEF1DB700BA9028 /* RealmSwift.framework */ = {isa = PBXFileReference; lastKnownFileType = wrapper.framework; name = RealmSwift.framework; path = Carthage/Build/iOS/RealmSwift.framework; sourceTree = "<group>"; };
		4D8D24FE1CFC3488007C828E /* Movie.swift */ = {isa = PBXFileReference; fileEncoding = 4; lastKnownFileType = sourcecode.swift; name = Movie.swift; path = Models/Movie.swift; sourceTree = "<group>"; };
		4DA1FF1D1CEC40C600733E41 /* TransitioningDelegate.swift */ = {isa = PBXFileReference; fileEncoding = 4; lastKnownFileType = sourcecode.swift; name = TransitioningDelegate.swift; path = Views/TransitioningDelegate.swift; sourceTree = "<group>"; };
		4DA1FF1F1CEC416300733E41 /* PresentationAnimator.swift */ = {isa = PBXFileReference; fileEncoding = 4; lastKnownFileType = sourcecode.swift; name = PresentationAnimator.swift; path = Views/PresentationAnimator.swift; sourceTree = "<group>"; };
		4DA1FF231CEC418D00733E41 /* DismissalAnimator.swift */ = {isa = PBXFileReference; fileEncoding = 4; lastKnownFileType = sourcecode.swift; name = DismissalAnimator.swift; path = Views/DismissalAnimator.swift; sourceTree = "<group>"; };
		4DD1C6421CEB22580028AE27 /* Inmovi.app */ = {isa = PBXFileReference; explicitFileType = wrapper.application; includeInIndex = 0; path = Inmovi.app; sourceTree = BUILT_PRODUCTS_DIR; };
		4DD1C6451CEB22580028AE27 /* AppDelegate.swift */ = {isa = PBXFileReference; lastKnownFileType = sourcecode.swift; path = AppDelegate.swift; sourceTree = "<group>"; };
		4DD1C64A1CEB22580028AE27 /* Base */ = {isa = PBXFileReference; lastKnownFileType = file.storyboard; name = Base; path = Base.lproj/Main.storyboard; sourceTree = "<group>"; };
		4DD1C64F1CEB22580028AE27 /* Base */ = {isa = PBXFileReference; lastKnownFileType = file.storyboard; name = Base; path = Base.lproj/LaunchScreen.storyboard; sourceTree = "<group>"; };
		4DD1C6511CEB22580028AE27 /* Info.plist */ = {isa = PBXFileReference; lastKnownFileType = text.plist.xml; path = Info.plist; sourceTree = "<group>"; };
		4DD1C6561CEB22590028AE27 /* InmoviTests.xctest */ = {isa = PBXFileReference; explicitFileType = wrapper.cfbundle; includeInIndex = 0; path = InmoviTests.xctest; sourceTree = BUILT_PRODUCTS_DIR; };
		4DD1C65A1CEB22590028AE27 /* InmoviTests.swift */ = {isa = PBXFileReference; lastKnownFileType = sourcecode.swift; path = InmoviTests.swift; sourceTree = "<group>"; };
		4DD1C65C1CEB22590028AE27 /* Info.plist */ = {isa = PBXFileReference; lastKnownFileType = text.plist.xml; path = Info.plist; sourceTree = "<group>"; };
		4DD1C6611CEB22590028AE27 /* InmoviUITests.xctest */ = {isa = PBXFileReference; explicitFileType = wrapper.cfbundle; includeInIndex = 0; path = InmoviUITests.xctest; sourceTree = BUILT_PRODUCTS_DIR; };
		4DD1C6651CEB22590028AE27 /* InmoviUITests.swift */ = {isa = PBXFileReference; lastKnownFileType = sourcecode.swift; path = InmoviUITests.swift; sourceTree = "<group>"; };
		4DD1C6671CEB22590028AE27 /* Info.plist */ = {isa = PBXFileReference; lastKnownFileType = text.plist.xml; path = Info.plist; sourceTree = "<group>"; };
		4DD1C67B1CEB291F0028AE27 /* MovieListController.swift */ = {isa = PBXFileReference; fileEncoding = 4; lastKnownFileType = sourcecode.swift; name = MovieListController.swift; path = Controllers/MovieListController.swift; sourceTree = "<group>"; };
		4DD1C67D1CEB29380028AE27 /* MovieTableLayout.swift */ = {isa = PBXFileReference; fileEncoding = 4; lastKnownFileType = sourcecode.swift; name = MovieTableLayout.swift; path = Layouts/MovieTableLayout.swift; sourceTree = "<group>"; };
		4DD1C67F1CEB29590028AE27 /* MovieCell.swift */ = {isa = PBXFileReference; fileEncoding = 4; lastKnownFileType = sourcecode.swift; name = MovieCell.swift; path = Views/MovieCell.swift; sourceTree = "<group>"; };
		4DD1C6811CEB29690028AE27 /* Inspiration.swift */ = {isa = PBXFileReference; fileEncoding = 4; lastKnownFileType = sourcecode.swift; name = Inspiration.swift; path = Models/Inspiration.swift; sourceTree = "<group>"; };
		4DD1C6821CEB29690028AE27 /* Session.swift */ = {isa = PBXFileReference; fileEncoding = 4; lastKnownFileType = sourcecode.swift; name = Session.swift; path = Models/Session.swift; sourceTree = "<group>"; };
		4DD1C6851CEB29770028AE27 /* UIImage+Decompression.swift */ = {isa = PBXFileReference; fileEncoding = 4; lastKnownFileType = sourcecode.swift; name = "UIImage+Decompression.swift"; path = "Extensions/UIImage+Decompression.swift"; sourceTree = "<group>"; };
		4DD1C6881CEB2B1C0028AE27 /* Assets.xcassets */ = {isa = PBXFileReference; lastKnownFileType = folder.assetcatalog; name = Assets.xcassets; path = Assets/Assets.xcassets; sourceTree = "<group>"; };
		4DD1C6891CEB2B1C0028AE27 /* Inspirations.xcassets */ = {isa = PBXFileReference; lastKnownFileType = folder.assetcatalog; name = Inspirations.xcassets; path = Assets/Inspirations.xcassets; sourceTree = "<group>"; };
		4DD1C68A1CEB2B1C0028AE27 /* Inspirations.plist */ = {isa = PBXFileReference; fileEncoding = 4; lastKnownFileType = text.plist.xml; name = Inspirations.plist; path = Assets/Inspirations.plist; sourceTree = "<group>"; };
		4DF8F3F61CED8E9800B83898 /* DetailPageController.swift */ = {isa = PBXFileReference; fileEncoding = 4; lastKnownFileType = sourcecode.swift; name = DetailPageController.swift; path = Controllers/DetailPageController.swift; sourceTree = "<group>"; };
		4DF8F3F81CED8EB600B83898 /* MovieDetailController.swift */ = {isa = PBXFileReference; fileEncoding = 4; lastKnownFileType = sourcecode.swift; name = MovieDetailController.swift; path = Controllers/MovieDetailController.swift; sourceTree = "<group>"; };
/* End PBXFileReference section */

/* Begin PBXFrameworksBuildPhase section */
		4DD1C63F1CEB22580028AE27 /* Frameworks */ = {
			isa = PBXFrameworksBuildPhase;
			buildActionMask = 2147483647;
			files = (
				4D7E7D341CEF1DB700BA9028 /* Realm.framework in Frameworks */,
				4D7E7D361CEF1DB700BA9028 /* RealmSwift.framework in Frameworks */,
				4D7E7D2F1CEF1D6C00BA9028 /* Alamofire.framework in Frameworks */,
				4D7E7D301CEF1D6C00BA9028 /* SnapKit.framework in Frameworks */,
				4D7E7D311CEF1D6C00BA9028 /* SwiftyJSON.framework in Frameworks */,
			);
			runOnlyForDeploymentPostprocessing = 0;
		};
		4DD1C6531CEB22590028AE27 /* Frameworks */ = {
			isa = PBXFrameworksBuildPhase;
			buildActionMask = 2147483647;
			files = (
			);
			runOnlyForDeploymentPostprocessing = 0;
		};
		4DD1C65E1CEB22590028AE27 /* Frameworks */ = {
			isa = PBXFrameworksBuildPhase;
			buildActionMask = 2147483647;
			files = (
			);
			runOnlyForDeploymentPostprocessing = 0;
		};
/* End PBXFrameworksBuildPhase section */

/* Begin PBXGroup section */
		4DD1C6391CEB22580028AE27 = {
			isa = PBXGroup;
			children = (
				4DD1C6441CEB22580028AE27 /* Inmovi */,
				4DD1C6591CEB22590028AE27 /* InmoviTests */,
				4DD1C6641CEB22590028AE27 /* InmoviUITests */,
				4DD1C6431CEB22580028AE27 /* Products */,
				4D7E7D321CEF1DB700BA9028 /* Realm.framework */,
				4D7E7D331CEF1DB700BA9028 /* RealmSwift.framework */,
				4D7E7D2C1CEF1D6C00BA9028 /* Alamofire.framework */,
				4D7E7D2D1CEF1D6C00BA9028 /* SnapKit.framework */,
				4D7E7D2E1CEF1D6C00BA9028 /* SwiftyJSON.framework */,
			);
			sourceTree = "<group>";
		};
		4DD1C6431CEB22580028AE27 /* Products */ = {
			isa = PBXGroup;
			children = (
				4DD1C6421CEB22580028AE27 /* Inmovi.app */,
				4DD1C6561CEB22590028AE27 /* InmoviTests.xctest */,
				4DD1C6611CEB22590028AE27 /* InmoviUITests.xctest */,
			);
			name = Products;
			sourceTree = "<group>";
		};
		4DD1C6441CEB22580028AE27 /* Inmovi */ = {
			isa = PBXGroup;
			children = (
				4DD1C6871CEB2AB00028AE27 /* Assets */,
				4DD1C67A1CEB28BF0028AE27 /* Others */,
				4DD1C6791CEB28B10028AE27 /* Controllers */,
				4DD1C6781CEB28860028AE27 /* Storyboards & Xibs */,
				4DD1C6771CEB287A0028AE27 /* Supporting Files */,
				4DD1C6761CEB286A0028AE27 /* Layouts */,
				4DD1C6751CEB28650028AE27 /* Views */,
				4DD1C6741CEB285A0028AE27 /* Models */,
				4DD1C6731CEB28500028AE27 /* Extensions */,
			);
			path = Inmovi;
			sourceTree = "<group>";
		};
		4DD1C6591CEB22590028AE27 /* InmoviTests */ = {
			isa = PBXGroup;
			children = (
				4DD1C65A1CEB22590028AE27 /* InmoviTests.swift */,
				4DD1C65C1CEB22590028AE27 /* Info.plist */,
			);
			path = InmoviTests;
			sourceTree = "<group>";
		};
		4DD1C6641CEB22590028AE27 /* InmoviUITests */ = {
			isa = PBXGroup;
			children = (
				4DD1C6651CEB22590028AE27 /* InmoviUITests.swift */,
				4DD1C6671CEB22590028AE27 /* Info.plist */,
			);
			path = InmoviUITests;
			sourceTree = "<group>";
		};
		4DD1C6731CEB28500028AE27 /* Extensions */ = {
			isa = PBXGroup;
			children = (
				4DD1C6851CEB29770028AE27 /* UIImage+Decompression.swift */,
			);
			name = Extensions;
			sourceTree = "<group>";
		};
		4DD1C6741CEB285A0028AE27 /* Models */ = {
			isa = PBXGroup;
			children = (
				4DD1C6811CEB29690028AE27 /* Inspiration.swift */,
				4DD1C6821CEB29690028AE27 /* Session.swift */,
				4D8D24FE1CFC3488007C828E /* Movie.swift */,
			);
			name = Models;
			sourceTree = "<group>";
		};
		4DD1C6751CEB28650028AE27 /* Views */ = {
			isa = PBXGroup;
			children = (
				4DD1C67F1CEB29590028AE27 /* MovieCell.swift */,
				4DA1FF1D1CEC40C600733E41 /* TransitioningDelegate.swift */,
				4DA1FF1F1CEC416300733E41 /* PresentationAnimator.swift */,
				4DA1FF231CEC418D00733E41 /* DismissalAnimator.swift */,
			);
			name = Views;
			sourceTree = "<group>";
		};
		4DD1C6761CEB286A0028AE27 /* Layouts */ = {
			isa = PBXGroup;
			children = (
				4DD1C67D1CEB29380028AE27 /* MovieTableLayout.swift */,
			);
			name = Layouts;
			sourceTree = "<group>";
		};
		4DD1C6771CEB287A0028AE27 /* Supporting Files */ = {
			isa = PBXGroup;
			children = (
				4DD1C6511CEB22580028AE27 /* Info.plist */,
			);
			name = "Supporting Files";
			sourceTree = "<group>";
		};
		4DD1C6781CEB28860028AE27 /* Storyboards & Xibs */ = {
			isa = PBXGroup;
			children = (
				4DD1C6491CEB22580028AE27 /* Main.storyboard */,
				4DD1C64E1CEB22580028AE27 /* LaunchScreen.storyboard */,
			);
			name = "Storyboards & Xibs";
			sourceTree = "<group>";
		};
		4DD1C6791CEB28B10028AE27 /* Controllers */ = {
			isa = PBXGroup;
			children = (
				4DD1C67B1CEB291F0028AE27 /* MovieListController.swift */,
				4DF8F3F61CED8E9800B83898 /* DetailPageController.swift */,
				4DF8F3F81CED8EB600B83898 /* MovieDetailController.swift */,
				4D7E7D2A1CEED82A00BA9028 /* DetailContainerController.swift */,
			);
			name = Controllers;
			sourceTree = "<group>";
		};
		4DD1C67A1CEB28BF0028AE27 /* Others */ = {
			isa = PBXGroup;
			children = (
				4DD1C6451CEB22580028AE27 /* AppDelegate.swift */,
			);
			name = Others;
			sourceTree = "<group>";
		};
		4DD1C6871CEB2AB00028AE27 /* Assets */ = {
			isa = PBXGroup;
			children = (
				4DD1C6881CEB2B1C0028AE27 /* Assets.xcassets */,
				4DD1C6891CEB2B1C0028AE27 /* Inspirations.xcassets */,
				4DD1C68A1CEB2B1C0028AE27 /* Inspirations.plist */,
			);
			name = Assets;
			sourceTree = "<group>";
		};
/* End PBXGroup section */

/* Begin PBXNativeTarget section */
		4DD1C6411CEB22580028AE27 /* Inmovi */ = {
			isa = PBXNativeTarget;
			buildConfigurationList = 4DD1C66A1CEB22590028AE27 /* Build configuration list for PBXNativeTarget "Inmovi" */;
			buildPhases = (
				4DD1C63E1CEB22580028AE27 /* Sources */,
				4DD1C63F1CEB22580028AE27 /* Frameworks */,
				4DD1C6401CEB22580028AE27 /* Resources */,
				4D7E7D261CEEC2BE00BA9028 /* ShellScript */,
				4D7E7D381CEF1DB700BA9028 /* Embed Frameworks */,
			);
			buildRules = (
			);
			dependencies = (
			);
			name = Inmovi;
			productName = Inmovi;
			productReference = 4DD1C6421CEB22580028AE27 /* Inmovi.app */;
			productType = "com.apple.product-type.application";
		};
		4DD1C6551CEB22590028AE27 /* InmoviTests */ = {
			isa = PBXNativeTarget;
			buildConfigurationList = 4DD1C66D1CEB22590028AE27 /* Build configuration list for PBXNativeTarget "InmoviTests" */;
			buildPhases = (
				4DD1C6521CEB22590028AE27 /* Sources */,
				4DD1C6531CEB22590028AE27 /* Frameworks */,
				4DD1C6541CEB22590028AE27 /* Resources */,
			);
			buildRules = (
			);
			dependencies = (
				4DD1C6581CEB22590028AE27 /* PBXTargetDependency */,
			);
			name = InmoviTests;
			productName = InmoviTests;
			productReference = 4DD1C6561CEB22590028AE27 /* InmoviTests.xctest */;
			productType = "com.apple.product-type.bundle.unit-test";
		};
		4DD1C6601CEB22590028AE27 /* InmoviUITests */ = {
			isa = PBXNativeTarget;
			buildConfigurationList = 4DD1C6701CEB22590028AE27 /* Build configuration list for PBXNativeTarget "InmoviUITests" */;
			buildPhases = (
				4DD1C65D1CEB22590028AE27 /* Sources */,
				4DD1C65E1CEB22590028AE27 /* Frameworks */,
				4DD1C65F1CEB22590028AE27 /* Resources */,
			);
			buildRules = (
			);
			dependencies = (
				4DD1C6631CEB22590028AE27 /* PBXTargetDependency */,
			);
			name = InmoviUITests;
			productName = InmoviUITests;
			productReference = 4DD1C6611CEB22590028AE27 /* InmoviUITests.xctest */;
			productType = "com.apple.product-type.bundle.ui-testing";
		};
/* End PBXNativeTarget section */

/* Begin PBXProject section */
		4DD1C63A1CEB22580028AE27 /* Project object */ = {
			isa = PBXProject;
			attributes = {
				LastSwiftUpdateCheck = 0720;
				LastUpgradeCheck = 0720;
				ORGANIZATIONNAME = Alvonse;
				TargetAttributes = {
					4DD1C6411CEB22580028AE27 = {
						CreatedOnToolsVersion = 7.2;
					};
					4DD1C6551CEB22590028AE27 = {
						CreatedOnToolsVersion = 7.2;
						TestTargetID = 4DD1C6411CEB22580028AE27;
					};
					4DD1C6601CEB22590028AE27 = {
						CreatedOnToolsVersion = 7.2;
						TestTargetID = 4DD1C6411CEB22580028AE27;
					};
				};
			};
			buildConfigurationList = 4DD1C63D1CEB22580028AE27 /* Build configuration list for PBXProject "Inmovi" */;
			compatibilityVersion = "Xcode 3.2";
			developmentRegion = English;
			hasScannedForEncodings = 0;
			knownRegions = (
				en,
				Base,
			);
			mainGroup = 4DD1C6391CEB22580028AE27;
			productRefGroup = 4DD1C6431CEB22580028AE27 /* Products */;
			projectDirPath = "";
			projectRoot = "";
			targets = (
				4DD1C6411CEB22580028AE27 /* Inmovi */,
				4DD1C6551CEB22590028AE27 /* InmoviTests */,
				4DD1C6601CEB22590028AE27 /* InmoviUITests */,
			);
		};
/* End PBXProject section */

/* Begin PBXResourcesBuildPhase section */
		4DD1C6401CEB22580028AE27 /* Resources */ = {
			isa = PBXResourcesBuildPhase;
			buildActionMask = 2147483647;
			files = (
				4DD1C68D1CEB2B1C0028AE27 /* Inspirations.plist in Resources */,
				4DD1C68C1CEB2B1C0028AE27 /* Inspirations.xcassets in Resources */,
				4DD1C6501CEB22580028AE27 /* LaunchScreen.storyboard in Resources */,
				4DD1C68B1CEB2B1C0028AE27 /* Assets.xcassets in Resources */,
				4DD1C64B1CEB22580028AE27 /* Main.storyboard in Resources */,
			);
			runOnlyForDeploymentPostprocessing = 0;
		};
		4DD1C6541CEB22590028AE27 /* Resources */ = {
			isa = PBXResourcesBuildPhase;
			buildActionMask = 2147483647;
			files = (
			);
			runOnlyForDeploymentPostprocessing = 0;
		};
		4DD1C65F1CEB22590028AE27 /* Resources */ = {
			isa = PBXResourcesBuildPhase;
			buildActionMask = 2147483647;
			files = (
			);
			runOnlyForDeploymentPostprocessing = 0;
		};
/* End PBXResourcesBuildPhase section */

/* Begin PBXShellScriptBuildPhase section */
		4D7E7D261CEEC2BE00BA9028 /* ShellScript */ = {
			isa = PBXShellScriptBuildPhase;
			buildActionMask = 2147483647;
			files = (
			);
			inputPaths = (
				"$(SRCROOT)/Carthage/Build/iOS/Alamofire.framework",
				"$(SRCROOT)/Carthage/Build/iOS/SwiftyJSON.framework",
				"$(SRCROOT)/Carthage/Build/iOS/SnapKit.framework",
				"$(SRCROOT)/Carthage/Build/iOS/Realm.framework",
				"$(SRCROOT)/Carthage/Build/iOS/RealmSwift.framework",
			);
			outputPaths = (
			);
			runOnlyForDeploymentPostprocessing = 0;
			shellPath = /bin/sh;
			shellScript = "/usr/local/bin/carthage copy-frameworks";
		};
/* End PBXShellScriptBuildPhase section */

/* Begin PBXSourcesBuildPhase section */
		4DD1C63E1CEB22580028AE27 /* Sources */ = {
			isa = PBXSourcesBuildPhase;
			buildActionMask = 2147483647;
			files = (
				4D8D24FF1CFC3488007C828E /* Movie.swift in Sources */,
				4DF8F3F71CED8E9800B83898 /* DetailPageController.swift in Sources */,
				4DD1C67C1CEB291F0028AE27 /* MovieListController.swift in Sources */,
				4DD1C6831CEB29690028AE27 /* Inspiration.swift in Sources */,
				4DA1FF1E1CEC40C600733E41 /* TransitioningDelegate.swift in Sources */,
				4DD1C6841CEB29690028AE27 /* Session.swift in Sources */,
				4DA1FF241CEC418D00733E41 /* DismissalAnimator.swift in Sources */,
				4DD1C67E1CEB29380028AE27 /* MovieTableLayout.swift in Sources */,
				4DA1FF201CEC416300733E41 /* PresentationAnimator.swift in Sources */,
				4DD1C6801CEB29590028AE27 /* MovieCell.swift in Sources */,
				4DF8F3F91CED8EB600B83898 /* MovieDetailController.swift in Sources */,
				4D7E7D2B1CEED82A00BA9028 /* DetailContainerController.swift in Sources */,
				4DD1C6461CEB22580028AE27 /* AppDelegate.swift in Sources */,
				4DD1C6861CEB29770028AE27 /* UIImage+Decompression.swift in Sources */,
			);
			runOnlyForDeploymentPostprocessing = 0;
		};
		4DD1C6521CEB22590028AE27 /* Sources */ = {
			isa = PBXSourcesBuildPhase;
			buildActionMask = 2147483647;
			files = (
				4DD1C65B1CEB22590028AE27 /* InmoviTests.swift in Sources */,
			);
			runOnlyForDeploymentPostprocessing = 0;
		};
		4DD1C65D1CEB22590028AE27 /* Sources */ = {
			isa = PBXSourcesBuildPhase;
			buildActionMask = 2147483647;
			files = (
				4DD1C6661CEB22590028AE27 /* InmoviUITests.swift in Sources */,
			);
			runOnlyForDeploymentPostprocessing = 0;
		};
/* End PBXSourcesBuildPhase section */

/* Begin PBXTargetDependency section */
		4DD1C6581CEB22590028AE27 /* PBXTargetDependency */ = {
			isa = PBXTargetDependency;
			target = 4DD1C6411CEB22580028AE27 /* Inmovi */;
			targetProxy = 4DD1C6571CEB22590028AE27 /* PBXContainerItemProxy */;
		};
		4DD1C6631CEB22590028AE27 /* PBXTargetDependency */ = {
			isa = PBXTargetDependency;
			target = 4DD1C6411CEB22580028AE27 /* Inmovi */;
			targetProxy = 4DD1C6621CEB22590028AE27 /* PBXContainerItemProxy */;
		};
/* End PBXTargetDependency section */

/* Begin PBXVariantGroup section */
		4DD1C6491CEB22580028AE27 /* Main.storyboard */ = {
			isa = PBXVariantGroup;
			children = (
				4DD1C64A1CEB22580028AE27 /* Base */,
			);
			name = Main.storyboard;
			sourceTree = "<group>";
		};
		4DD1C64E1CEB22580028AE27 /* LaunchScreen.storyboard */ = {
			isa = PBXVariantGroup;
			children = (
				4DD1C64F1CEB22580028AE27 /* Base */,
			);
			name = LaunchScreen.storyboard;
			sourceTree = "<group>";
		};
/* End PBXVariantGroup section */

/* Begin XCBuildConfiguration section */
		4DD1C6681CEB22590028AE27 /* Debug */ = {
			isa = XCBuildConfiguration;
			buildSettings = {
				ALWAYS_SEARCH_USER_PATHS = NO;
				CLANG_CXX_LANGUAGE_STANDARD = "gnu++0x";
				CLANG_CXX_LIBRARY = "libc++";
				CLANG_ENABLE_MODULES = YES;
				CLANG_ENABLE_OBJC_ARC = YES;
				CLANG_WARN_BOOL_CONVERSION = YES;
				CLANG_WARN_CONSTANT_CONVERSION = YES;
				CLANG_WARN_DIRECT_OBJC_ISA_USAGE = YES_ERROR;
				CLANG_WARN_EMPTY_BODY = YES;
				CLANG_WARN_ENUM_CONVERSION = YES;
				CLANG_WARN_INT_CONVERSION = YES;
				CLANG_WARN_OBJC_ROOT_CLASS = YES_ERROR;
				CLANG_WARN_UNREACHABLE_CODE = YES;
				CLANG_WARN__DUPLICATE_METHOD_MATCH = YES;
				"CODE_SIGN_IDENTITY[sdk=iphoneos*]" = "iPhone Developer";
				COPY_PHASE_STRIP = NO;
				DEBUG_INFORMATION_FORMAT = dwarf;
				ENABLE_STRICT_OBJC_MSGSEND = YES;
				ENABLE_TESTABILITY = YES;
				GCC_C_LANGUAGE_STANDARD = gnu99;
				GCC_DYNAMIC_NO_PIC = NO;
				GCC_NO_COMMON_BLOCKS = YES;
				GCC_OPTIMIZATION_LEVEL = 0;
				GCC_PREPROCESSOR_DEFINITIONS = (
					"DEBUG=1",
					"$(inherited)",
				);
				GCC_WARN_64_TO_32_BIT_CONVERSION = YES;
				GCC_WARN_ABOUT_RETURN_TYPE = YES_ERROR;
				GCC_WARN_UNDECLARED_SELECTOR = YES;
				GCC_WARN_UNINITIALIZED_AUTOS = YES_AGGRESSIVE;
				GCC_WARN_UNUSED_FUNCTION = YES;
				GCC_WARN_UNUSED_VARIABLE = YES;
				IPHONEOS_DEPLOYMENT_TARGET = 9.0;
				MTL_ENABLE_DEBUG_INFO = YES;
				ONLY_ACTIVE_ARCH = YES;
				SDKROOT = iphoneos;
				SWIFT_OPTIMIZATION_LEVEL = "-Onone";
				TARGETED_DEVICE_FAMILY = "1,2";
			};
			name = Debug;
		};
		4DD1C6691CEB22590028AE27 /* Release */ = {
			isa = XCBuildConfiguration;
			buildSettings = {
				ALWAYS_SEARCH_USER_PATHS = NO;
				CLANG_CXX_LANGUAGE_STANDARD = "gnu++0x";
				CLANG_CXX_LIBRARY = "libc++";
				CLANG_ENABLE_MODULES = YES;
				CLANG_ENABLE_OBJC_ARC = YES;
				CLANG_WARN_BOOL_CONVERSION = YES;
				CLANG_WARN_CONSTANT_CONVERSION = YES;
				CLANG_WARN_DIRECT_OBJC_ISA_USAGE = YES_ERROR;
				CLANG_WARN_EMPTY_BODY = YES;
				CLANG_WARN_ENUM_CONVERSION = YES;
				CLANG_WARN_INT_CONVERSION = YES;
				CLANG_WARN_OBJC_ROOT_CLASS = YES_ERROR;
				CLANG_WARN_UNREACHABLE_CODE = YES;
				CLANG_WARN__DUPLICATE_METHOD_MATCH = YES;
				"CODE_SIGN_IDENTITY[sdk=iphoneos*]" = "iPhone Developer";
				COPY_PHASE_STRIP = NO;
				DEBUG_INFORMATION_FORMAT = "dwarf-with-dsym";
				ENABLE_NS_ASSERTIONS = NO;
				ENABLE_STRICT_OBJC_MSGSEND = YES;
				GCC_C_LANGUAGE_STANDARD = gnu99;
				GCC_NO_COMMON_BLOCKS = YES;
				GCC_WARN_64_TO_32_BIT_CONVERSION = YES;
				GCC_WARN_ABOUT_RETURN_TYPE = YES_ERROR;
				GCC_WARN_UNDECLARED_SELECTOR = YES;
				GCC_WARN_UNINITIALIZED_AUTOS = YES_AGGRESSIVE;
				GCC_WARN_UNUSED_FUNCTION = YES;
				GCC_WARN_UNUSED_VARIABLE = YES;
				IPHONEOS_DEPLOYMENT_TARGET = 9.0;
				MTL_ENABLE_DEBUG_INFO = NO;
				SDKROOT = iphoneos;
				TARGETED_DEVICE_FAMILY = "1,2";
				VALIDATE_PRODUCT = YES;
			};
			name = Release;
		};
		4DD1C66B1CEB22590028AE27 /* Debug */ = {
			isa = XCBuildConfiguration;
			buildSettings = {
				ASSETCATALOG_COMPILER_APPICON_NAME = AppIcon;
				FRAMEWORK_SEARCH_PATHS = (
					"$(inherited)",
					"$(PROJECT_DIR)/Carthage/Build/iOS",
				);
				INFOPLIST_FILE = Inmovi/Info.plist;
				LD_RUNPATH_SEARCH_PATHS = "$(inherited) @executable_path/Frameworks";
				PRODUCT_BUNDLE_IDENTIFIER = com.Alvonse.Inmovi;
				PRODUCT_NAME = "$(TARGET_NAME)";
			};
			name = Debug;
		};
		4DD1C66C1CEB22590028AE27 /* Release */ = {
			isa = XCBuildConfiguration;
			buildSettings = {
				ASSETCATALOG_COMPILER_APPICON_NAME = AppIcon;
				FRAMEWORK_SEARCH_PATHS = (
					"$(inherited)",
					"$(PROJECT_DIR)/Carthage/Build/iOS",
				);
				INFOPLIST_FILE = Inmovi/Info.plist;
				LD_RUNPATH_SEARCH_PATHS = "$(inherited) @executable_path/Frameworks";
				PRODUCT_BUNDLE_IDENTIFIER = com.Alvonse.Inmovi;
				PRODUCT_NAME = "$(TARGET_NAME)";
			};
			name = Release;
		};
		4DD1C66E1CEB22590028AE27 /* Debug */ = {
			isa = XCBuildConfiguration;
			buildSettings = {
				BUNDLE_LOADER = "$(TEST_HOST)";
				INFOPLIST_FILE = InmoviTests/Info.plist;
				LD_RUNPATH_SEARCH_PATHS = "$(inherited) @executable_path/Frameworks @loader_path/Frameworks";
				PRODUCT_BUNDLE_IDENTIFIER = com.Alvonse.InmoviTests;
				PRODUCT_NAME = "$(TARGET_NAME)";
				TEST_HOST = "$(BUILT_PRODUCTS_DIR)/Inmovi.app/Inmovi";
			};
			name = Debug;
		};
		4DD1C66F1CEB22590028AE27 /* Release */ = {
			isa = XCBuildConfiguration;
			buildSettings = {
				BUNDLE_LOADER = "$(TEST_HOST)";
				INFOPLIST_FILE = InmoviTests/Info.plist;
				LD_RUNPATH_SEARCH_PATHS = "$(inherited) @executable_path/Frameworks @loader_path/Frameworks";
				PRODUCT_BUNDLE_IDENTIFIER = com.Alvonse.InmoviTests;
				PRODUCT_NAME = "$(TARGET_NAME)";
				TEST_HOST = "$(BUILT_PRODUCTS_DIR)/Inmovi.app/Inmovi";
			};
			name = Release;
		};
		4DD1C6711CEB22590028AE27 /* Debug */ = {
			isa = XCBuildConfiguration;
			buildSettings = {
				INFOPLIST_FILE = InmoviUITests/Info.plist;
				LD_RUNPATH_SEARCH_PATHS = "$(inherited) @executable_path/Frameworks @loader_path/Frameworks";
				PRODUCT_BUNDLE_IDENTIFIER = com.Alvonse.InmoviUITests;
				PRODUCT_NAME = "$(TARGET_NAME)";
				TEST_TARGET_NAME = Inmovi;
				USES_XCTRUNNER = YES;
			};
			name = Debug;
		};
		4DD1C6721CEB22590028AE27 /* Release */ = {
			isa = XCBuildConfiguration;
			buildSettings = {
				INFOPLIST_FILE = InmoviUITests/Info.plist;
				LD_RUNPATH_SEARCH_PATHS = "$(inherited) @executable_path/Frameworks @loader_path/Frameworks";
				PRODUCT_BUNDLE_IDENTIFIER = com.Alvonse.InmoviUITests;
				PRODUCT_NAME = "$(TARGET_NAME)";
				TEST_TARGET_NAME = Inmovi;
				USES_XCTRUNNER = YES;
			};
			name = Release;
		};
/* End XCBuildConfiguration section */

/* Begin XCConfigurationList section */
		4DD1C63D1CEB22580028AE27 /* Build configuration list for PBXProject "Inmovi" */ = {
			isa = XCConfigurationList;
			buildConfigurations = (
				4DD1C6681CEB22590028AE27 /* Debug */,
				4DD1C6691CEB22590028AE27 /* Release */,
			);
			defaultConfigurationIsVisible = 0;
			defaultConfigurationName = Release;
		};
		4DD1C66A1CEB22590028AE27 /* Build configuration list for PBXNativeTarget "Inmovi" */ = {
			isa = XCConfigurationList;
			buildConfigurations = (
				4DD1C66B1CEB22590028AE27 /* Debug */,
				4DD1C66C1CEB22590028AE27 /* Release */,
			);
			defaultConfigurationIsVisible = 0;
			defaultConfigurationName = Release;
		};
		4DD1C66D1CEB22590028AE27 /* Build configuration list for PBXNativeTarget "InmoviTests" */ = {
			isa = XCConfigurationList;
			buildConfigurations = (
				4DD1C66E1CEB22590028AE27 /* Debug */,
				4DD1C66F1CEB22590028AE27 /* Release */,
			);
			defaultConfigurationIsVisible = 0;
			defaultConfigurationName = Release;
		};
		4DD1C6701CEB22590028AE27 /* Build configuration list for PBXNativeTarget "InmoviUITests" */ = {
			isa = XCConfigurationList;
			buildConfigurations = (
				4DD1C6711CEB22590028AE27 /* Debug */,
				4DD1C6721CEB22590028AE27 /* Release */,
			);
			defaultConfigurationIsVisible = 0;
			defaultConfigurationName = Release;
		};
/* End XCConfigurationList section */
	};
	rootObject = 4DD1C63A1CEB22580028AE27 /* Project object */;
}
