// !$*UTF8*$!
{
	archiveVersion = 1;
	classes = {
	};
	objectVersion = 46;
	objects = {

/* Begin PBXBuildFile section */
		4D466BC01CEACA1400369172 /* MovieTableLayout.swift in Sources */ = {isa = PBXBuildFile; fileRef = 4D466BBF1CEACA1400369172 /* MovieTableLayout.swift */; };
		4D466BC31CEB01E300369172 /* MovieCell.swift in Sources */ = {isa = PBXBuildFile; fileRef = 4D466BC21CEB01E300369172 /* MovieCell.swift */; };
		4D466BCB1CEB059300369172 /* Inspiration.swift in Sources */ = {isa = PBXBuildFile; fileRef = 4D466BC91CEB059300369172 /* Inspiration.swift */; };
		4D466BCC1CEB059300369172 /* Session.swift in Sources */ = {isa = PBXBuildFile; fileRef = 4D466BCA1CEB059300369172 /* Session.swift */; };
		4D466BD01CEB05E100369172 /* Assets.xcassets in Resources */ = {isa = PBXBuildFile; fileRef = 4D466BCD1CEB05E100369172 /* Assets.xcassets */; };
		4D466BD11CEB05E100369172 /* Inspirations.xcassets in Resources */ = {isa = PBXBuildFile; fileRef = 4D466BCE1CEB05E100369172 /* Inspirations.xcassets */; };
		4D466BD21CEB05E100369172 /* Inspirations.plist in Resources */ = {isa = PBXBuildFile; fileRef = 4D466BCF1CEB05E100369172 /* Inspirations.plist */; };
		4D466BD51CEB065200369172 /* UIImage+Decompression.swift in Sources */ = {isa = PBXBuildFile; fileRef = 4D466BD41CEB065200369172 /* UIImage+Decompression.swift */; };
		4D9C083E1CE992C3004449FF /* AppDelegate.swift in Sources */ = {isa = PBXBuildFile; fileRef = 4D9C083D1CE992C3004449FF /* AppDelegate.swift */; };
		4D9C08431CE992C3004449FF /* Main.storyboard in Resources */ = {isa = PBXBuildFile; fileRef = 4D9C08411CE992C3004449FF /* Main.storyboard */; };
		4D9C08481CE992C3004449FF /* LaunchScreen.storyboard in Resources */ = {isa = PBXBuildFile; fileRef = 4D9C08461CE992C3004449FF /* LaunchScreen.storyboard */; };
		4D9C08531CE992C3004449FF /* inmoviTests.swift in Sources */ = {isa = PBXBuildFile; fileRef = 4D9C08521CE992C3004449FF /* inmoviTests.swift */; };
		4D9C085E1CE992C3004449FF /* inmoviUITests.swift in Sources */ = {isa = PBXBuildFile; fileRef = 4D9C085D1CE992C3004449FF /* inmoviUITests.swift */; };
		4D9C08731CE9B5DF004449FF /* MovieListController.swift in Sources */ = {isa = PBXBuildFile; fileRef = 4D9C08721CE9B5DF004449FF /* MovieListController.swift */; };
/* End PBXBuildFile section */

/* Begin PBXContainerItemProxy section */
		4D9C084F1CE992C3004449FF /* PBXContainerItemProxy */ = {
			isa = PBXContainerItemProxy;
			containerPortal = 4D9C08321CE992C3004449FF /* Project object */;
			proxyType = 1;
			remoteGlobalIDString = 4D9C08391CE992C3004449FF;
			remoteInfo = inmovi;
		};
		4D9C085A1CE992C3004449FF /* PBXContainerItemProxy */ = {
			isa = PBXContainerItemProxy;
			containerPortal = 4D9C08321CE992C3004449FF /* Project object */;
			proxyType = 1;
			remoteGlobalIDString = 4D9C08391CE992C3004449FF;
			remoteInfo = inmovi;
		};
/* End PBXContainerItemProxy section */

/* Begin PBXFileReference section */
		4D466BBF1CEACA1400369172 /* MovieTableLayout.swift */ = {isa = PBXFileReference; fileEncoding = 4; lastKnownFileType = sourcecode.swift; name = MovieTableLayout.swift; path = Layouts/MovieTableLayout.swift; sourceTree = "<group>"; };
		4D466BC21CEB01E300369172 /* MovieCell.swift */ = {isa = PBXFileReference; fileEncoding = 4; lastKnownFileType = sourcecode.swift; name = MovieCell.swift; path = Views/MovieCell.swift; sourceTree = "<group>"; };
		4D466BC91CEB059300369172 /* Inspiration.swift */ = {isa = PBXFileReference; fileEncoding = 4; lastKnownFileType = sourcecode.swift; name = Inspiration.swift; path = Models/Inspiration.swift; sourceTree = "<group>"; };
		4D466BCA1CEB059300369172 /* Session.swift */ = {isa = PBXFileReference; fileEncoding = 4; lastKnownFileType = sourcecode.swift; name = Session.swift; path = Models/Session.swift; sourceTree = "<group>"; };
		4D466BCD1CEB05E100369172 /* Assets.xcassets */ = {isa = PBXFileReference; lastKnownFileType = folder.assetcatalog; name = Assets.xcassets; path = Assets/Assets.xcassets; sourceTree = "<group>"; };
		4D466BCE1CEB05E100369172 /* Inspirations.xcassets */ = {isa = PBXFileReference; lastKnownFileType = folder.assetcatalog; name = Inspirations.xcassets; path = Assets/Inspirations.xcassets; sourceTree = "<group>"; };
		4D466BCF1CEB05E100369172 /* Inspirations.plist */ = {isa = PBXFileReference; fileEncoding = 4; lastKnownFileType = text.plist.xml; name = Inspirations.plist; path = Assets/Inspirations.plist; sourceTree = "<group>"; };
		4D466BD41CEB065200369172 /* UIImage+Decompression.swift */ = {isa = PBXFileReference; fileEncoding = 4; lastKnownFileType = sourcecode.swift; name = "UIImage+Decompression.swift"; path = "Extensions/UIImage+Decompression.swift"; sourceTree = "<group>"; };
		4D9C083A1CE992C3004449FF /* inmovi.app */ = {isa = PBXFileReference; explicitFileType = wrapper.application; includeInIndex = 0; path = inmovi.app; sourceTree = BUILT_PRODUCTS_DIR; };
		4D9C083D1CE992C3004449FF /* AppDelegate.swift */ = {isa = PBXFileReference; lastKnownFileType = sourcecode.swift; path = AppDelegate.swift; sourceTree = "<group>"; };
		4D9C08421CE992C3004449FF /* Base */ = {isa = PBXFileReference; lastKnownFileType = file.storyboard; name = Base; path = Base.lproj/Main.storyboard; sourceTree = "<group>"; };
		4D9C08471CE992C3004449FF /* Base */ = {isa = PBXFileReference; lastKnownFileType = file.storyboard; name = Base; path = Base.lproj/LaunchScreen.storyboard; sourceTree = "<group>"; };
		4D9C08491CE992C3004449FF /* Info.plist */ = {isa = PBXFileReference; lastKnownFileType = text.plist.xml; path = Info.plist; sourceTree = "<group>"; };
		4D9C084E1CE992C3004449FF /* inmoviTests.xctest */ = {isa = PBXFileReference; explicitFileType = wrapper.cfbundle; includeInIndex = 0; path = inmoviTests.xctest; sourceTree = BUILT_PRODUCTS_DIR; };
		4D9C08521CE992C3004449FF /* inmoviTests.swift */ = {isa = PBXFileReference; lastKnownFileType = sourcecode.swift; path = inmoviTests.swift; sourceTree = "<group>"; };
		4D9C08541CE992C3004449FF /* Info.plist */ = {isa = PBXFileReference; lastKnownFileType = text.plist.xml; path = Info.plist; sourceTree = "<group>"; };
		4D9C08591CE992C3004449FF /* inmoviUITests.xctest */ = {isa = PBXFileReference; explicitFileType = wrapper.cfbundle; includeInIndex = 0; path = inmoviUITests.xctest; sourceTree = BUILT_PRODUCTS_DIR; };
		4D9C085D1CE992C3004449FF /* inmoviUITests.swift */ = {isa = PBXFileReference; lastKnownFileType = sourcecode.swift; path = inmoviUITests.swift; sourceTree = "<group>"; };
		4D9C085F1CE992C3004449FF /* Info.plist */ = {isa = PBXFileReference; lastKnownFileType = text.plist.xml; path = Info.plist; sourceTree = "<group>"; };
		4D9C08721CE9B5DF004449FF /* MovieListController.swift */ = {isa = PBXFileReference; fileEncoding = 4; lastKnownFileType = sourcecode.swift; path = MovieListController.swift; sourceTree = "<group>"; };
/* End PBXFileReference section */

/* Begin PBXFrameworksBuildPhase section */
		4D9C08371CE992C3004449FF /* Frameworks */ = {
			isa = PBXFrameworksBuildPhase;
			buildActionMask = 2147483647;
			files = (
			);
			runOnlyForDeploymentPostprocessing = 0;
		};
		4D9C084B1CE992C3004449FF /* Frameworks */ = {
			isa = PBXFrameworksBuildPhase;
			buildActionMask = 2147483647;
			files = (
			);
			runOnlyForDeploymentPostprocessing = 0;
		};
		4D9C08561CE992C3004449FF /* Frameworks */ = {
			isa = PBXFrameworksBuildPhase;
			buildActionMask = 2147483647;
			files = (
			);
			runOnlyForDeploymentPostprocessing = 0;
		};
/* End PBXFrameworksBuildPhase section */

/* Begin PBXGroup section */
		4D466BBE1CEAC9D500369172 /* Layouts */ = {
			isa = PBXGroup;
			children = (
				4D466BBF1CEACA1400369172 /* MovieTableLayout.swift */,
			);
			name = Layouts;
			sourceTree = "<group>";
		};
		4D466BC11CEB01A700369172 /* Views */ = {
			isa = PBXGroup;
			children = (
				4D466BC21CEB01E300369172 /* MovieCell.swift */,
			);
			name = Views;
			sourceTree = "<group>";
		};
		4D466BC41CEB037500369172 /* Models */ = {
			isa = PBXGroup;
			children = (
				4D466BC91CEB059300369172 /* Inspiration.swift */,
				4D466BCA1CEB059300369172 /* Session.swift */,
			);
			name = Models;
			sourceTree = "<group>";
		};
		4D466BD31CEB062500369172 /* Extensions */ = {
			isa = PBXGroup;
			children = (
				4D466BD41CEB065200369172 /* UIImage+Decompression.swift */,
			);
			name = Extensions;
			sourceTree = "<group>";
		};
		4D9C08311CE992C3004449FF = {
			isa = PBXGroup;
			children = (
				4D9C083C1CE992C3004449FF /* inmovi */,
				4D9C08511CE992C3004449FF /* inmoviTests */,
				4D9C085C1CE992C3004449FF /* inmoviUITests */,
				4D9C083B1CE992C3004449FF /* Products */,
			);
			sourceTree = "<group>";
		};
		4D9C083B1CE992C3004449FF /* Products */ = {
			isa = PBXGroup;
			children = (
				4D9C083A1CE992C3004449FF /* inmovi.app */,
				4D9C084E1CE992C3004449FF /* inmoviTests.xctest */,
				4D9C08591CE992C3004449FF /* inmoviUITests.xctest */,
			);
			name = Products;
			sourceTree = "<group>";
		};
		4D9C083C1CE992C3004449FF /* inmovi */ = {
			isa = PBXGroup;
			children = (
				4D466BD31CEB062500369172 /* Extensions */,
				4D466BC41CEB037500369172 /* Models */,
				4D466BC11CEB01A700369172 /* Views */,
				4D466BBE1CEAC9D500369172 /* Layouts */,
				4D9C086F1CE99831004449FF /* Supporting Files */,
				4D9C086E1CE997EA004449FF /* Storyboards & Xibs */,
				4D9C086D1CE99585004449FF /* Controllers */,
				4D9C086C1CE9937B004449FF /* Other */,
				4D9C086B1CE99365004449FF /* Assets */,
			);
			path = inmovi;
			sourceTree = "<group>";
		};
		4D9C08511CE992C3004449FF /* inmoviTests */ = {
			isa = PBXGroup;
			children = (
				4D9C08521CE992C3004449FF /* inmoviTests.swift */,
				4D9C08541CE992C3004449FF /* Info.plist */,
			);
			path = inmoviTests;
			sourceTree = "<group>";
		};
		4D9C085C1CE992C3004449FF /* inmoviUITests */ = {
			isa = PBXGroup;
			children = (
				4D9C085D1CE992C3004449FF /* inmoviUITests.swift */,
				4D9C085F1CE992C3004449FF /* Info.plist */,
			);
			path = inmoviUITests;
			sourceTree = "<group>";
		};
		4D9C086B1CE99365004449FF /* Assets */ = {
			isa = PBXGroup;
			children = (
				4D466BCD1CEB05E100369172 /* Assets.xcassets */,
				4D466BCE1CEB05E100369172 /* Inspirations.xcassets */,
				4D466BCF1CEB05E100369172 /* Inspirations.plist */,
			);
			name = Assets;
			sourceTree = "<group>";
		};
		4D9C086C1CE9937B004449FF /* Other */ = {
			isa = PBXGroup;
			children = (
				4D9C083D1CE992C3004449FF /* AppDelegate.swift */,
			);
			name = Other;
			sourceTree = "<group>";
		};
		4D9C086D1CE99585004449FF /* Controllers */ = {
			isa = PBXGroup;
			children = (
				4D9C08721CE9B5DF004449FF /* MovieListController.swift */,
			);
			name = Controllers;
			sourceTree = "<group>";
		};
		4D9C086E1CE997EA004449FF /* Storyboards & Xibs */ = {
			isa = PBXGroup;
			children = (
				4D9C08411CE992C3004449FF /* Main.storyboard */,
				4D9C08461CE992C3004449FF /* LaunchScreen.storyboard */,
			);
			name = "Storyboards & Xibs";
			sourceTree = "<group>";
		};
		4D9C086F1CE99831004449FF /* Supporting Files */ = {
			isa = PBXGroup;
			children = (
				4D9C08491CE992C3004449FF /* Info.plist */,
			);
			name = "Supporting Files";
			sourceTree = "<group>";
		};
/* End PBXGroup section */

/* Begin PBXNativeTarget section */
		4D9C08391CE992C3004449FF /* inmovi */ = {
			isa = PBXNativeTarget;
			buildConfigurationList = 4D9C08621CE992C3004449FF /* Build configuration list for PBXNativeTarget "inmovi" */;
			buildPhases = (
				4D9C08361CE992C3004449FF /* Sources */,
				4D9C08371CE992C3004449FF /* Frameworks */,
				4D9C08381CE992C3004449FF /* Resources */,
			);
			buildRules = (
			);
			dependencies = (
			);
			name = inmovi;
			productName = inmovi;
			productReference = 4D9C083A1CE992C3004449FF /* inmovi.app */;
			productType = "com.apple.product-type.application";
		};
		4D9C084D1CE992C3004449FF /* inmoviTests */ = {
			isa = PBXNativeTarget;
			buildConfigurationList = 4D9C08651CE992C3004449FF /* Build configuration list for PBXNativeTarget "inmoviTests" */;
			buildPhases = (
				4D9C084A1CE992C3004449FF /* Sources */,
				4D9C084B1CE992C3004449FF /* Frameworks */,
				4D9C084C1CE992C3004449FF /* Resources */,
			);
			buildRules = (
			);
			dependencies = (
				4D9C08501CE992C3004449FF /* PBXTargetDependency */,
			);
			name = inmoviTests;
			productName = inmoviTests;
			productReference = 4D9C084E1CE992C3004449FF /* inmoviTests.xctest */;
			productType = "com.apple.product-type.bundle.unit-test";
		};
		4D9C08581CE992C3004449FF /* inmoviUITests */ = {
			isa = PBXNativeTarget;
			buildConfigurationList = 4D9C08681CE992C3004449FF /* Build configuration list for PBXNativeTarget "inmoviUITests" */;
			buildPhases = (
				4D9C08551CE992C3004449FF /* Sources */,
				4D9C08561CE992C3004449FF /* Frameworks */,
				4D9C08571CE992C3004449FF /* Resources */,
			);
			buildRules = (
			);
			dependencies = (
				4D9C085B1CE992C3004449FF /* PBXTargetDependency */,
			);
			name = inmoviUITests;
			productName = inmoviUITests;
			productReference = 4D9C08591CE992C3004449FF /* inmoviUITests.xctest */;
			productType = "com.apple.product-type.bundle.ui-testing";
		};
/* End PBXNativeTarget section */

/* Begin PBXProject section */
		4D9C08321CE992C3004449FF /* Project object */ = {
			isa = PBXProject;
			attributes = {
				LastSwiftUpdateCheck = 0720;
				LastUpgradeCheck = 0720;
				ORGANIZATIONNAME = Alvonse;
				TargetAttributes = {
					4D9C08391CE992C3004449FF = {
						CreatedOnToolsVersion = 7.2;
					};
					4D9C084D1CE992C3004449FF = {
						CreatedOnToolsVersion = 7.2;
						TestTargetID = 4D9C08391CE992C3004449FF;
					};
					4D9C08581CE992C3004449FF = {
						CreatedOnToolsVersion = 7.2;
						TestTargetID = 4D9C08391CE992C3004449FF;
					};
				};
			};
			buildConfigurationList = 4D9C08351CE992C3004449FF /* Build configuration list for PBXProject "inmovi" */;
			compatibilityVersion = "Xcode 3.2";
			developmentRegion = English;
			hasScannedForEncodings = 0;
			knownRegions = (
				en,
				Base,
			);
			mainGroup = 4D9C08311CE992C3004449FF;
			productRefGroup = 4D9C083B1CE992C3004449FF /* Products */;
			projectDirPath = "";
			projectRoot = "";
			targets = (
				4D9C08391CE992C3004449FF /* inmovi */,
				4D9C084D1CE992C3004449FF /* inmoviTests */,
				4D9C08581CE992C3004449FF /* inmoviUITests */,
			);
		};
/* End PBXProject section */

/* Begin PBXResourcesBuildPhase section */
		4D9C08381CE992C3004449FF /* Resources */ = {
			isa = PBXResourcesBuildPhase;
			buildActionMask = 2147483647;
			files = (
				4D466BD21CEB05E100369172 /* Inspirations.plist in Resources */,
				4D466BD11CEB05E100369172 /* Inspirations.xcassets in Resources */,
				4D9C08481CE992C3004449FF /* LaunchScreen.storyboard in Resources */,
				4D466BD01CEB05E100369172 /* Assets.xcassets in Resources */,
				4D9C08431CE992C3004449FF /* Main.storyboard in Resources */,
			);
			runOnlyForDeploymentPostprocessing = 0;
		};
		4D9C084C1CE992C3004449FF /* Resources */ = {
			isa = PBXResourcesBuildPhase;
			buildActionMask = 2147483647;
			files = (
			);
			runOnlyForDeploymentPostprocessing = 0;
		};
		4D9C08571CE992C3004449FF /* Resources */ = {
			isa = PBXResourcesBuildPhase;
			buildActionMask = 2147483647;
			files = (
			);
			runOnlyForDeploymentPostprocessing = 0;
		};
/* End PBXResourcesBuildPhase section */

/* Begin PBXSourcesBuildPhase section */
		4D9C08361CE992C3004449FF /* Sources */ = {
			isa = PBXSourcesBuildPhase;
			buildActionMask = 2147483647;
			files = (
				4D9C08731CE9B5DF004449FF /* MovieListController.swift in Sources */,
				4D466BCB1CEB059300369172 /* Inspiration.swift in Sources */,
				4D466BCC1CEB059300369172 /* Session.swift in Sources */,
				4D466BC01CEACA1400369172 /* MovieTableLayout.swift in Sources */,
				4D466BC31CEB01E300369172 /* MovieCell.swift in Sources */,
				4D9C083E1CE992C3004449FF /* AppDelegate.swift in Sources */,
				4D466BD51CEB065200369172 /* UIImage+Decompression.swift in Sources */,
			);
			runOnlyForDeploymentPostprocessing = 0;
		};
		4D9C084A1CE992C3004449FF /* Sources */ = {
			isa = PBXSourcesBuildPhase;
			buildActionMask = 2147483647;
			files = (
				4D9C08531CE992C3004449FF /* inmoviTests.swift in Sources */,
			);
			runOnlyForDeploymentPostprocessing = 0;
		};
		4D9C08551CE992C3004449FF /* Sources */ = {
			isa = PBXSourcesBuildPhase;
			buildActionMask = 2147483647;
			files = (
				4D9C085E1CE992C3004449FF /* inmoviUITests.swift in Sources */,
			);
			runOnlyForDeploymentPostprocessing = 0;
		};
/* End PBXSourcesBuildPhase section */

/* Begin PBXTargetDependency section */
		4D9C08501CE992C3004449FF /* PBXTargetDependency */ = {
			isa = PBXTargetDependency;
			target = 4D9C08391CE992C3004449FF /* inmovi */;
			targetProxy = 4D9C084F1CE992C3004449FF /* PBXContainerItemProxy */;
		};
		4D9C085B1CE992C3004449FF /* PBXTargetDependency */ = {
			isa = PBXTargetDependency;
			target = 4D9C08391CE992C3004449FF /* inmovi */;
			targetProxy = 4D9C085A1CE992C3004449FF /* PBXContainerItemProxy */;
		};
/* End PBXTargetDependency section */

/* Begin PBXVariantGroup section */
		4D9C08411CE992C3004449FF /* Main.storyboard */ = {
			isa = PBXVariantGroup;
			children = (
				4D9C08421CE992C3004449FF /* Base */,
			);
			name = Main.storyboard;
			sourceTree = "<group>";
		};
		4D9C08461CE992C3004449FF /* LaunchScreen.storyboard */ = {
			isa = PBXVariantGroup;
			children = (
				4D9C08471CE992C3004449FF /* Base */,
			);
			name = LaunchScreen.storyboard;
			sourceTree = "<group>";
		};
/* End PBXVariantGroup section */

/* Begin XCBuildConfiguration section */
		4D9C08601CE992C3004449FF /* Debug */ = {
			isa = XCBuildConfiguration;
			buildSettings = {
				ALWAYS_SEARCH_USER_PATHS = NO;
				CLANG_CXX_LANGUAGE_STANDARD = "gnu++0x";
				CLANG_CXX_LIBRARY = "libc++";
				CLANG_ENABLE_MODULES = YES;
				CLANG_ENABLE_OBJC_ARC = YES;
				CLANG_WARN_BOOL_CONVERSION = YES;
				CLANG_WARN_CONSTANT_CONVERSION = YES;
				CLANG_WARN_DIRECT_OBJC_ISA_USAGE = YES_ERROR;
				CLANG_WARN_EMPTY_BODY = YES;
				CLANG_WARN_ENUM_CONVERSION = YES;
				CLANG_WARN_INT_CONVERSION = YES;
				CLANG_WARN_OBJC_ROOT_CLASS = YES_ERROR;
				CLANG_WARN_UNREACHABLE_CODE = YES;
				CLANG_WARN__DUPLICATE_METHOD_MATCH = YES;
				"CODE_SIGN_IDENTITY[sdk=iphoneos*]" = "iPhone Developer";
				COPY_PHASE_STRIP = NO;
				DEBUG_INFORMATION_FORMAT = dwarf;
				ENABLE_STRICT_OBJC_MSGSEND = YES;
				ENABLE_TESTABILITY = YES;
				GCC_C_LANGUAGE_STANDARD = gnu99;
				GCC_DYNAMIC_NO_PIC = NO;
				GCC_NO_COMMON_BLOCKS = YES;
				GCC_OPTIMIZATION_LEVEL = 0;
				GCC_PREPROCESSOR_DEFINITIONS = (
					"DEBUG=1",
					"$(inherited)",
				);
				GCC_WARN_64_TO_32_BIT_CONVERSION = YES;
				GCC_WARN_ABOUT_RETURN_TYPE = YES_ERROR;
				GCC_WARN_UNDECLARED_SELECTOR = YES;
				GCC_WARN_UNINITIALIZED_AUTOS = YES_AGGRESSIVE;
				GCC_WARN_UNUSED_FUNCTION = YES;
				GCC_WARN_UNUSED_VARIABLE = YES;
				IPHONEOS_DEPLOYMENT_TARGET = 8.0;
				MTL_ENABLE_DEBUG_INFO = YES;
				ONLY_ACTIVE_ARCH = YES;
				SDKROOT = iphoneos;
				SWIFT_OPTIMIZATION_LEVEL = "-Onone";
				TARGETED_DEVICE_FAMILY = "1,2";
			};
			name = Debug;
		};
		4D9C08611CE992C3004449FF /* Release */ = {
			isa = XCBuildConfiguration;
			buildSettings = {
				ALWAYS_SEARCH_USER_PATHS = NO;
				CLANG_CXX_LANGUAGE_STANDARD = "gnu++0x";
				CLANG_CXX_LIBRARY = "libc++";
				CLANG_ENABLE_MODULES = YES;
				CLANG_ENABLE_OBJC_ARC = YES;
				CLANG_WARN_BOOL_CONVERSION = YES;
				CLANG_WARN_CONSTANT_CONVERSION = YES;
				CLANG_WARN_DIRECT_OBJC_ISA_USAGE = YES_ERROR;
				CLANG_WARN_EMPTY_BODY = YES;
				CLANG_WARN_ENUM_CONVERSION = YES;
				CLANG_WARN_INT_CONVERSION = YES;
				CLANG_WARN_OBJC_ROOT_CLASS = YES_ERROR;
				CLANG_WARN_UNREACHABLE_CODE = YES;
				CLANG_WARN__DUPLICATE_METHOD_MATCH = YES;
				"CODE_SIGN_IDENTITY[sdk=iphoneos*]" = "iPhone Developer";
				COPY_PHASE_STRIP = NO;
				DEBUG_INFORMATION_FORMAT = "dwarf-with-dsym";
				ENABLE_NS_ASSERTIONS = NO;
				ENABLE_STRICT_OBJC_MSGSEND = YES;
				GCC_C_LANGUAGE_STANDARD = gnu99;
				GCC_NO_COMMON_BLOCKS = YES;
				GCC_WARN_64_TO_32_BIT_CONVERSION = YES;
				GCC_WARN_ABOUT_RETURN_TYPE = YES_ERROR;
				GCC_WARN_UNDECLARED_SELECTOR = YES;
				GCC_WARN_UNINITIALIZED_AUTOS = YES_AGGRESSIVE;
				GCC_WARN_UNUSED_FUNCTION = YES;
				GCC_WARN_UNUSED_VARIABLE = YES;
				IPHONEOS_DEPLOYMENT_TARGET = 8.0;
				MTL_ENABLE_DEBUG_INFO = NO;
				SDKROOT = iphoneos;
				TARGETED_DEVICE_FAMILY = "1,2";
				VALIDATE_PRODUCT = YES;
			};
			name = Release;
		};
		4D9C08631CE992C3004449FF /* Debug */ = {
			isa = XCBuildConfiguration;
			buildSettings = {
				ASSETCATALOG_COMPILER_APPICON_NAME = AppIcon;
				INFOPLIST_FILE = inmovi/Info.plist;
				LD_RUNPATH_SEARCH_PATHS = "$(inherited) @executable_path/Frameworks";
				PRODUCT_BUNDLE_IDENTIFIER = com.Alvonse.inmovi;
				PRODUCT_NAME = "$(TARGET_NAME)";
			};
			name = Debug;
		};
		4D9C08641CE992C3004449FF /* Release */ = {
			isa = XCBuildConfiguration;
			buildSettings = {
				ASSETCATALOG_COMPILER_APPICON_NAME = AppIcon;
				INFOPLIST_FILE = inmovi/Info.plist;
				LD_RUNPATH_SEARCH_PATHS = "$(inherited) @executable_path/Frameworks";
				PRODUCT_BUNDLE_IDENTIFIER = com.Alvonse.inmovi;
				PRODUCT_NAME = "$(TARGET_NAME)";
			};
			name = Release;
		};
		4D9C08661CE992C3004449FF /* Debug */ = {
			isa = XCBuildConfiguration;
			buildSettings = {
				BUNDLE_LOADER = "$(TEST_HOST)";
				INFOPLIST_FILE = inmoviTests/Info.plist;
				LD_RUNPATH_SEARCH_PATHS = "$(inherited) @executable_path/Frameworks @loader_path/Frameworks";
				PRODUCT_BUNDLE_IDENTIFIER = com.Alvonse.inmoviTests;
				PRODUCT_NAME = "$(TARGET_NAME)";
				TEST_HOST = "$(BUILT_PRODUCTS_DIR)/inmovi.app/inmovi";
			};
			name = Debug;
		};
		4D9C08671CE992C3004449FF /* Release */ = {
			isa = XCBuildConfiguration;
			buildSettings = {
				BUNDLE_LOADER = "$(TEST_HOST)";
				INFOPLIST_FILE = inmoviTests/Info.plist;
				LD_RUNPATH_SEARCH_PATHS = "$(inherited) @executable_path/Frameworks @loader_path/Frameworks";
				PRODUCT_BUNDLE_IDENTIFIER = com.Alvonse.inmoviTests;
				PRODUCT_NAME = "$(TARGET_NAME)";
				TEST_HOST = "$(BUILT_PRODUCTS_DIR)/inmovi.app/inmovi";
			};
			name = Release;
		};
		4D9C08691CE992C3004449FF /* Debug */ = {
			isa = XCBuildConfiguration;
			buildSettings = {
				INFOPLIST_FILE = inmoviUITests/Info.plist;
				LD_RUNPATH_SEARCH_PATHS = "$(inherited) @executable_path/Frameworks @loader_path/Frameworks";
				PRODUCT_BUNDLE_IDENTIFIER = com.Alvonse.inmoviUITests;
				PRODUCT_NAME = "$(TARGET_NAME)";
				TEST_TARGET_NAME = inmovi;
				USES_XCTRUNNER = YES;
			};
			name = Debug;
		};
		4D9C086A1CE992C3004449FF /* Release */ = {
			isa = XCBuildConfiguration;
			buildSettings = {
				INFOPLIST_FILE = inmoviUITests/Info.plist;
				LD_RUNPATH_SEARCH_PATHS = "$(inherited) @executable_path/Frameworks @loader_path/Frameworks";
				PRODUCT_BUNDLE_IDENTIFIER = com.Alvonse.inmoviUITests;
				PRODUCT_NAME = "$(TARGET_NAME)";
				TEST_TARGET_NAME = inmovi;
				USES_XCTRUNNER = YES;
			};
			name = Release;
		};
/* End XCBuildConfiguration section */

/* Begin XCConfigurationList section */
		4D9C08351CE992C3004449FF /* Build configuration list for PBXProject "inmovi" */ = {
			isa = XCConfigurationList;
			buildConfigurations = (
				4D9C08601CE992C3004449FF /* Debug */,
				4D9C08611CE992C3004449FF /* Release */,
			);
			defaultConfigurationIsVisible = 0;
			defaultConfigurationName = Release;
		};
		4D9C08621CE992C3004449FF /* Build configuration list for PBXNativeTarget "inmovi" */ = {
			isa = XCConfigurationList;
			buildConfigurations = (
				4D9C08631CE992C3004449FF /* Debug */,
				4D9C08641CE992C3004449FF /* Release */,
			);
			defaultConfigurationIsVisible = 0;
			defaultConfigurationName = Release;
		};
		4D9C08651CE992C3004449FF /* Build configuration list for PBXNativeTarget "inmoviTests" */ = {
			isa = XCConfigurationList;
			buildConfigurations = (
				4D9C08661CE992C3004449FF /* Debug */,
				4D9C08671CE992C3004449FF /* Release */,
			);
			defaultConfigurationIsVisible = 0;
			defaultConfigurationName = Release;
		};
		4D9C08681CE992C3004449FF /* Build configuration list for PBXNativeTarget "inmoviUITests" */ = {
			isa = XCConfigurationList;
			buildConfigurations = (
				4D9C08691CE992C3004449FF /* Debug */,
				4D9C086A1CE992C3004449FF /* Release */,
			);
			defaultConfigurationIsVisible = 0;
			defaultConfigurationName = Release;
		};
/* End XCConfigurationList section */
	};
	rootObject = 4D9C08321CE992C3004449FF /* Project object */;
}
